// !$*UTF8*$!
{
	archiveVersion = 1;
	classes = {
	};
	objectVersion = 46;
	objects = {

/* Begin PBXBuildFile section */
		B619FD971C302BB4000A2A2A /* AppDelegate.swift in Sources */ = {isa = PBXBuildFile; fileRef = B619FD961C302BB4000A2A2A /* AppDelegate.swift */; };
		B619FD9C1C302BB4000A2A2A /* Main.storyboard in Resources */ = {isa = PBXBuildFile; fileRef = B619FD9A1C302BB4000A2A2A /* Main.storyboard */; };
		B619FD9E1C302BB4000A2A2A /* Assets.xcassets in Resources */ = {isa = PBXBuildFile; fileRef = B619FD9D1C302BB4000A2A2A /* Assets.xcassets */; };
		B619FDA11C302BB4000A2A2A /* LaunchScreen.storyboard in Resources */ = {isa = PBXBuildFile; fileRef = B619FD9F1C302BB4000A2A2A /* LaunchScreen.storyboard */; };
		B619FDAC1C302BB4000A2A2A /* BaseIOSComponentTests.swift in Sources */ = {isa = PBXBuildFile; fileRef = B619FDAB1C302BB4000A2A2A /* BaseIOSComponentTests.swift */; };
		B619FDB71C302BB4000A2A2A /* BaseIOSComponentUITests.swift in Sources */ = {isa = PBXBuildFile; fileRef = B619FDB61C302BB4000A2A2A /* BaseIOSComponentUITests.swift */; };
		B619FDD71C302DB8000A2A2A /* HTTPSecurity.swift in Sources */ = {isa = PBXBuildFile; fileRef = B619FDD21C302DB8000A2A2A /* HTTPSecurity.swift */; };
		B619FDD81C302DB8000A2A2A /* Operation.swift in Sources */ = {isa = PBXBuildFile; fileRef = B619FDD31C302DB8000A2A2A /* Operation.swift */; };
		B619FDD91C302DB8000A2A2A /* Request.swift in Sources */ = {isa = PBXBuildFile; fileRef = B619FDD41C302DB8000A2A2A /* Request.swift */; };
		B619FDDA1C302DB8000A2A2A /* StatusCode.swift in Sources */ = {isa = PBXBuildFile; fileRef = B619FDD51C302DB8000A2A2A /* StatusCode.swift */; };
		B619FDDB1C302DB8000A2A2A /* Upload.swift in Sources */ = {isa = PBXBuildFile; fileRef = B619FDD61C302DB8000A2A2A /* Upload.swift */; };
		B619FDDE1C302EEA000A2A2A /* CommonUtil.swift in Sources */ = {isa = PBXBuildFile; fileRef = B619FDDD1C302EEA000A2A2A /* CommonUtil.swift */; };
		B619FDE21C3036C0000A2A2A /* NSData+GZIP.swift in Sources */ = {isa = PBXBuildFile; fileRef = B619FDE11C3036C0000A2A2A /* NSData+GZIP.swift */; };
		B619FDE61C3037CC000A2A2A /* zlib in Resources */ = {isa = PBXBuildFile; fileRef = B619FDE51C3037CC000A2A2A /* zlib */; };
		B6299BF21C391FC700A19A2F /* SocketAckEmitter.swift in Sources */ = {isa = PBXBuildFile; fileRef = B6299BDF1C391FC700A19A2F /* SocketAckEmitter.swift */; };
		B6299BF31C391FC700A19A2F /* SocketAckManager.swift in Sources */ = {isa = PBXBuildFile; fileRef = B6299BE01C391FC700A19A2F /* SocketAckManager.swift */; };
		B6299BF41C391FC700A19A2F /* SocketAnyEvent.swift in Sources */ = {isa = PBXBuildFile; fileRef = B6299BE11C391FC700A19A2F /* SocketAnyEvent.swift */; };
		B6299BF51C391FC700A19A2F /* SocketEngine.swift in Sources */ = {isa = PBXBuildFile; fileRef = B6299BE21C391FC700A19A2F /* SocketEngine.swift */; };
		B6299BF61C391FC700A19A2F /* SocketEngineClient.swift in Sources */ = {isa = PBXBuildFile; fileRef = B6299BE31C391FC700A19A2F /* SocketEngineClient.swift */; };
		B6299BF71C391FC700A19A2F /* SocketEnginePacketType.swift in Sources */ = {isa = PBXBuildFile; fileRef = B6299BE41C391FC700A19A2F /* SocketEnginePacketType.swift */; };
		B6299BF81C391FC700A19A2F /* SocketEngineSpec.swift in Sources */ = {isa = PBXBuildFile; fileRef = B6299BE51C391FC700A19A2F /* SocketEngineSpec.swift */; };
		B6299BF91C391FC700A19A2F /* SocketEventHandler.swift in Sources */ = {isa = PBXBuildFile; fileRef = B6299BE61C391FC700A19A2F /* SocketEventHandler.swift */; };
		B6299BFA1C391FC700A19A2F /* SocketFixUTF8.swift in Sources */ = {isa = PBXBuildFile; fileRef = B6299BE71C391FC700A19A2F /* SocketFixUTF8.swift */; };
		B6299BFB1C391FC700A19A2F /* SocketIOClient.swift in Sources */ = {isa = PBXBuildFile; fileRef = B6299BE81C391FC700A19A2F /* SocketIOClient.swift */; };
		B6299BFC1C391FC700A19A2F /* SocketIOClientOption.swift in Sources */ = {isa = PBXBuildFile; fileRef = B6299BE91C391FC700A19A2F /* SocketIOClientOption.swift */; };
		B6299BFD1C391FC700A19A2F /* SocketIOClientStatus.swift in Sources */ = {isa = PBXBuildFile; fileRef = B6299BEA1C391FC700A19A2F /* SocketIOClientStatus.swift */; };
		B6299BFE1C391FC700A19A2F /* SocketLogger.swift in Sources */ = {isa = PBXBuildFile; fileRef = B6299BEB1C391FC700A19A2F /* SocketLogger.swift */; };
		B6299BFF1C391FC700A19A2F /* SocketPacket.swift in Sources */ = {isa = PBXBuildFile; fileRef = B6299BEC1C391FC700A19A2F /* SocketPacket.swift */; };
		B6299C001C391FC700A19A2F /* SocketParser.swift in Sources */ = {isa = PBXBuildFile; fileRef = B6299BED1C391FC700A19A2F /* SocketParser.swift */; };
		B6299C011C391FC700A19A2F /* SocketStringReader.swift in Sources */ = {isa = PBXBuildFile; fileRef = B6299BEE1C391FC700A19A2F /* SocketStringReader.swift */; };
		B6299C021C391FC700A19A2F /* SocketTypes.swift in Sources */ = {isa = PBXBuildFile; fileRef = B6299BEF1C391FC700A19A2F /* SocketTypes.swift */; };
		B6299C031C391FC700A19A2F /* SwiftRegex.swift in Sources */ = {isa = PBXBuildFile; fileRef = B6299BF01C391FC700A19A2F /* SwiftRegex.swift */; };
		B6299C041C391FC700A19A2F /* WebSocket.swift in Sources */ = {isa = PBXBuildFile; fileRef = B6299BF11C391FC700A19A2F /* WebSocket.swift */; };
		B67DA3731C340C55009BC0B3 /* libz.tbd in Frameworks */ = {isa = PBXBuildFile; fileRef = B67DA3721C340C55009BC0B3 /* libz.tbd */; };
		B67DA3791C340D39009BC0B3 /* BaseNavigationController.swift in Sources */ = {isa = PBXBuildFile; fileRef = B67DA3781C340D39009BC0B3 /* BaseNavigationController.swift */; };
		B67DA37B1C340F4F009BC0B3 /* weChat.xcassets in Resources */ = {isa = PBXBuildFile; fileRef = B67DA37A1C340F4F009BC0B3 /* weChat.xcassets */; };
		B67DA3811C34180B009BC0B3 /* BaseTabbarViewController.swift in Sources */ = {isa = PBXBuildFile; fileRef = B67DA3801C34180B009BC0B3 /* BaseTabbarViewController.swift */; };
		B67DA3831C341850009BC0B3 /* MainFrameVC.swift in Sources */ = {isa = PBXBuildFile; fileRef = B67DA3821C341850009BC0B3 /* MainFrameVC.swift */; };
		B67DA3851C34185E009BC0B3 /* ContactVC.swift in Sources */ = {isa = PBXBuildFile; fileRef = B67DA3841C34185E009BC0B3 /* ContactVC.swift */; };
		B67DA3871C341877009BC0B3 /* DiscoverVC.swift in Sources */ = {isa = PBXBuildFile; fileRef = B67DA3861C341877009BC0B3 /* DiscoverVC.swift */; };
		B67DA3891C341884009BC0B3 /* MeVC.swift in Sources */ = {isa = PBXBuildFile; fileRef = B67DA3881C341884009BC0B3 /* MeVC.swift */; };
		B67DA38B1C3418A6009BC0B3 /* BaseViewController.swift in Sources */ = {isa = PBXBuildFile; fileRef = B67DA38A1C3418A6009BC0B3 /* BaseViewController.swift */; };
		B67DA38D1C341A7A009BC0B3 /* TabbarVC.swift in Sources */ = {isa = PBXBuildFile; fileRef = B67DA38C1C341A7A009BC0B3 /* TabbarVC.swift */; };
		B6F4B4AF1C3C2CAF005C88C4 /* ChatTableView.swift in Sources */ = {isa = PBXBuildFile; fileRef = B6F4B4AE1C3C2CAF005C88C4 /* ChatTableView.swift */; };
/* End PBXBuildFile section */

/* Begin PBXContainerItemProxy section */
		B619FDA81C302BB4000A2A2A /* PBXContainerItemProxy */ = {
			isa = PBXContainerItemProxy;
			containerPortal = B619FD8B1C302BB4000A2A2A /* Project object */;
			proxyType = 1;
			remoteGlobalIDString = B619FD921C302BB4000A2A2A;
			remoteInfo = BaseIOSComponent;
		};
		B619FDB31C302BB4000A2A2A /* PBXContainerItemProxy */ = {
			isa = PBXContainerItemProxy;
			containerPortal = B619FD8B1C302BB4000A2A2A /* Project object */;
			proxyType = 1;
			remoteGlobalIDString = B619FD921C302BB4000A2A2A;
			remoteInfo = BaseIOSComponent;
		};
/* End PBXContainerItemProxy section */

/* Begin PBXFileReference section */
		B619FD931C302BB4000A2A2A /* 微信.app */ = {isa = PBXFileReference; explicitFileType = wrapper.application; includeInIndex = 0; path = "微信.app"; sourceTree = BUILT_PRODUCTS_DIR; };
		B619FD961C302BB4000A2A2A /* AppDelegate.swift */ = {isa = PBXFileReference; lastKnownFileType = sourcecode.swift; path = AppDelegate.swift; sourceTree = "<group>"; };
		B619FD9B1C302BB4000A2A2A /* Base */ = {isa = PBXFileReference; lastKnownFileType = file.storyboard; name = Base; path = Base.lproj/Main.storyboard; sourceTree = "<group>"; };
		B619FD9D1C302BB4000A2A2A /* Assets.xcassets */ = {isa = PBXFileReference; lastKnownFileType = folder.assetcatalog; path = Assets.xcassets; sourceTree = "<group>"; };
		B619FDA01C302BB4000A2A2A /* Base */ = {isa = PBXFileReference; lastKnownFileType = file.storyboard; name = Base; path = Base.lproj/LaunchScreen.storyboard; sourceTree = "<group>"; };
		B619FDA21C302BB4000A2A2A /* Info.plist */ = {isa = PBXFileReference; lastKnownFileType = text.plist.xml; path = Info.plist; sourceTree = "<group>"; };
		B619FDA71C302BB4000A2A2A /* BaseIOSComponentTests.xctest */ = {isa = PBXFileReference; explicitFileType = wrapper.cfbundle; includeInIndex = 0; path = BaseIOSComponentTests.xctest; sourceTree = BUILT_PRODUCTS_DIR; };
		B619FDAB1C302BB4000A2A2A /* BaseIOSComponentTests.swift */ = {isa = PBXFileReference; lastKnownFileType = sourcecode.swift; path = BaseIOSComponentTests.swift; sourceTree = "<group>"; };
		B619FDAD1C302BB4000A2A2A /* Info.plist */ = {isa = PBXFileReference; lastKnownFileType = text.plist.xml; path = Info.plist; sourceTree = "<group>"; };
		B619FDB21C302BB4000A2A2A /* BaseIOSComponentUITests.xctest */ = {isa = PBXFileReference; explicitFileType = wrapper.cfbundle; includeInIndex = 0; path = BaseIOSComponentUITests.xctest; sourceTree = BUILT_PRODUCTS_DIR; };
		B619FDB61C302BB4000A2A2A /* BaseIOSComponentUITests.swift */ = {isa = PBXFileReference; lastKnownFileType = sourcecode.swift; path = BaseIOSComponentUITests.swift; sourceTree = "<group>"; };
		B619FDB81C302BB4000A2A2A /* Info.plist */ = {isa = PBXFileReference; lastKnownFileType = text.plist.xml; path = Info.plist; sourceTree = "<group>"; };
		B619FDD21C302DB8000A2A2A /* HTTPSecurity.swift */ = {isa = PBXFileReference; fileEncoding = 4; lastKnownFileType = sourcecode.swift; path = HTTPSecurity.swift; sourceTree = "<group>"; };
		B619FDD31C302DB8000A2A2A /* Operation.swift */ = {isa = PBXFileReference; fileEncoding = 4; lastKnownFileType = sourcecode.swift; path = Operation.swift; sourceTree = "<group>"; };
		B619FDD41C302DB8000A2A2A /* Request.swift */ = {isa = PBXFileReference; fileEncoding = 4; lastKnownFileType = sourcecode.swift; path = Request.swift; sourceTree = "<group>"; };
		B619FDD51C302DB8000A2A2A /* StatusCode.swift */ = {isa = PBXFileReference; fileEncoding = 4; lastKnownFileType = sourcecode.swift; path = StatusCode.swift; sourceTree = "<group>"; };
		B619FDD61C302DB8000A2A2A /* Upload.swift */ = {isa = PBXFileReference; fileEncoding = 4; lastKnownFileType = sourcecode.swift; path = Upload.swift; sourceTree = "<group>"; };
		B619FDDD1C302EEA000A2A2A /* CommonUtil.swift */ = {isa = PBXFileReference; fileEncoding = 4; lastKnownFileType = sourcecode.swift; path = CommonUtil.swift; sourceTree = "<group>"; };
		B619FDE11C3036C0000A2A2A /* NSData+GZIP.swift */ = {isa = PBXFileReference; fileEncoding = 4; lastKnownFileType = sourcecode.swift; path = "NSData+GZIP.swift"; sourceTree = "<group>"; };
		B619FDE51C3037CC000A2A2A /* zlib */ = {isa = PBXFileReference; lastKnownFileType = folder; path = zlib; sourceTree = "<group>"; };
		B6299BDF1C391FC700A19A2F /* SocketAckEmitter.swift */ = {isa = PBXFileReference; fileEncoding = 4; lastKnownFileType = sourcecode.swift; path = SocketAckEmitter.swift; sourceTree = "<group>"; };
		B6299BE01C391FC700A19A2F /* SocketAckManager.swift */ = {isa = PBXFileReference; fileEncoding = 4; lastKnownFileType = sourcecode.swift; path = SocketAckManager.swift; sourceTree = "<group>"; };
		B6299BE11C391FC700A19A2F /* SocketAnyEvent.swift */ = {isa = PBXFileReference; fileEncoding = 4; lastKnownFileType = sourcecode.swift; path = SocketAnyEvent.swift; sourceTree = "<group>"; };
		B6299BE21C391FC700A19A2F /* SocketEngine.swift */ = {isa = PBXFileReference; fileEncoding = 4; lastKnownFileType = sourcecode.swift; path = SocketEngine.swift; sourceTree = "<group>"; };
		B6299BE31C391FC700A19A2F /* SocketEngineClient.swift */ = {isa = PBXFileReference; fileEncoding = 4; lastKnownFileType = sourcecode.swift; path = SocketEngineClient.swift; sourceTree = "<group>"; };
		B6299BE41C391FC700A19A2F /* SocketEnginePacketType.swift */ = {isa = PBXFileReference; fileEncoding = 4; lastKnownFileType = sourcecode.swift; path = SocketEnginePacketType.swift; sourceTree = "<group>"; };
		B6299BE51C391FC700A19A2F /* SocketEngineSpec.swift */ = {isa = PBXFileReference; fileEncoding = 4; lastKnownFileType = sourcecode.swift; path = SocketEngineSpec.swift; sourceTree = "<group>"; };
		B6299BE61C391FC700A19A2F /* SocketEventHandler.swift */ = {isa = PBXFileReference; fileEncoding = 4; lastKnownFileType = sourcecode.swift; path = SocketEventHandler.swift; sourceTree = "<group>"; };
		B6299BE71C391FC700A19A2F /* SocketFixUTF8.swift */ = {isa = PBXFileReference; fileEncoding = 4; lastKnownFileType = sourcecode.swift; path = SocketFixUTF8.swift; sourceTree = "<group>"; };
		B6299BE81C391FC700A19A2F /* SocketIOClient.swift */ = {isa = PBXFileReference; fileEncoding = 4; lastKnownFileType = sourcecode.swift; path = SocketIOClient.swift; sourceTree = "<group>"; };
		B6299BE91C391FC700A19A2F /* SocketIOClientOption.swift */ = {isa = PBXFileReference; fileEncoding = 4; lastKnownFileType = sourcecode.swift; path = SocketIOClientOption.swift; sourceTree = "<group>"; };
		B6299BEA1C391FC700A19A2F /* SocketIOClientStatus.swift */ = {isa = PBXFileReference; fileEncoding = 4; lastKnownFileType = sourcecode.swift; path = SocketIOClientStatus.swift; sourceTree = "<group>"; };
		B6299BEB1C391FC700A19A2F /* SocketLogger.swift */ = {isa = PBXFileReference; fileEncoding = 4; lastKnownFileType = sourcecode.swift; path = SocketLogger.swift; sourceTree = "<group>"; };
		B6299BEC1C391FC700A19A2F /* SocketPacket.swift */ = {isa = PBXFileReference; fileEncoding = 4; lastKnownFileType = sourcecode.swift; path = SocketPacket.swift; sourceTree = "<group>"; };
		B6299BED1C391FC700A19A2F /* SocketParser.swift */ = {isa = PBXFileReference; fileEncoding = 4; lastKnownFileType = sourcecode.swift; path = SocketParser.swift; sourceTree = "<group>"; };
		B6299BEE1C391FC700A19A2F /* SocketStringReader.swift */ = {isa = PBXFileReference; fileEncoding = 4; lastKnownFileType = sourcecode.swift; path = SocketStringReader.swift; sourceTree = "<group>"; };
		B6299BEF1C391FC700A19A2F /* SocketTypes.swift */ = {isa = PBXFileReference; fileEncoding = 4; lastKnownFileType = sourcecode.swift; path = SocketTypes.swift; sourceTree = "<group>"; };
		B6299BF01C391FC700A19A2F /* SwiftRegex.swift */ = {isa = PBXFileReference; fileEncoding = 4; lastKnownFileType = sourcecode.swift; path = SwiftRegex.swift; sourceTree = "<group>"; };
		B6299BF11C391FC700A19A2F /* WebSocket.swift */ = {isa = PBXFileReference; fileEncoding = 4; lastKnownFileType = sourcecode.swift; path = WebSocket.swift; sourceTree = "<group>"; };
		B67DA3721C340C55009BC0B3 /* libz.tbd */ = {isa = PBXFileReference; lastKnownFileType = "sourcecode.text-based-dylib-definition"; name = libz.tbd; path = usr/lib/libz.tbd; sourceTree = SDKROOT; };
		B67DA3781C340D39009BC0B3 /* BaseNavigationController.swift */ = {isa = PBXFileReference; fileEncoding = 4; lastKnownFileType = sourcecode.swift; path = BaseNavigationController.swift; sourceTree = "<group>"; };
		B67DA37A1C340F4F009BC0B3 /* weChat.xcassets */ = {isa = PBXFileReference; lastKnownFileType = folder.assetcatalog; path = weChat.xcassets; sourceTree = "<group>"; };
		B67DA3801C34180B009BC0B3 /* BaseTabbarViewController.swift */ = {isa = PBXFileReference; fileEncoding = 4; lastKnownFileType = sourcecode.swift; path = BaseTabbarViewController.swift; sourceTree = "<group>"; };
		B67DA3821C341850009BC0B3 /* MainFrameVC.swift */ = {isa = PBXFileReference; fileEncoding = 4; lastKnownFileType = sourcecode.swift; path = MainFrameVC.swift; sourceTree = "<group>"; };
		B67DA3841C34185E009BC0B3 /* ContactVC.swift */ = {isa = PBXFileReference; fileEncoding = 4; lastKnownFileType = sourcecode.swift; path = ContactVC.swift; sourceTree = "<group>"; };
		B67DA3861C341877009BC0B3 /* DiscoverVC.swift */ = {isa = PBXFileReference; fileEncoding = 4; lastKnownFileType = sourcecode.swift; path = DiscoverVC.swift; sourceTree = "<group>"; };
		B67DA3881C341884009BC0B3 /* MeVC.swift */ = {isa = PBXFileReference; fileEncoding = 4; lastKnownFileType = sourcecode.swift; path = MeVC.swift; sourceTree = "<group>"; };
		B67DA38A1C3418A6009BC0B3 /* BaseViewController.swift */ = {isa = PBXFileReference; fileEncoding = 4; lastKnownFileType = sourcecode.swift; path = BaseViewController.swift; sourceTree = "<group>"; };
		B67DA38C1C341A7A009BC0B3 /* TabbarVC.swift */ = {isa = PBXFileReference; fileEncoding = 4; lastKnownFileType = sourcecode.swift; path = TabbarVC.swift; sourceTree = "<group>"; };
		B6F4B4AE1C3C2CAF005C88C4 /* ChatTableView.swift */ = {isa = PBXFileReference; fileEncoding = 4; lastKnownFileType = sourcecode.swift; path = ChatTableView.swift; sourceTree = "<group>"; };
/* End PBXFileReference section */

/* Begin PBXFrameworksBuildPhase section */
		B619FD901C302BB4000A2A2A /* Frameworks */ = {
			isa = PBXFrameworksBuildPhase;
			buildActionMask = 2147483647;
			files = (
				B67DA3731C340C55009BC0B3 /* libz.tbd in Frameworks */,
			);
			runOnlyForDeploymentPostprocessing = 0;
		};
		B619FDA41C302BB4000A2A2A /* Frameworks */ = {
			isa = PBXFrameworksBuildPhase;
			buildActionMask = 2147483647;
			files = (
			);
			runOnlyForDeploymentPostprocessing = 0;
		};
		B619FDAF1C302BB4000A2A2A /* Frameworks */ = {
			isa = PBXFrameworksBuildPhase;
			buildActionMask = 2147483647;
			files = (
			);
			runOnlyForDeploymentPostprocessing = 0;
		};
/* End PBXFrameworksBuildPhase section */

/* Begin PBXGroup section */
		B619FD8A1C302BB4000A2A2A = {
			isa = PBXGroup;
			children = (
				B67DA37A1C340F4F009BC0B3 /* weChat.xcassets */,
				B67DA3721C340C55009BC0B3 /* libz.tbd */,
				B619FD951C302BB4000A2A2A /* BaseIOSComponent */,
				B619FDAA1C302BB4000A2A2A /* BaseIOSComponentTests */,
				B619FDB51C302BB4000A2A2A /* BaseIOSComponentUITests */,
				B619FD941C302BB4000A2A2A /* Products */,
			);
			sourceTree = "<group>";
		};
		B619FD941C302BB4000A2A2A /* Products */ = {
			isa = PBXGroup;
			children = (
				B619FD931C302BB4000A2A2A /* 微信.app */,
				B619FDA71C302BB4000A2A2A /* BaseIOSComponentTests.xctest */,
				B619FDB21C302BB4000A2A2A /* BaseIOSComponentUITests.xctest */,
			);
			name = Products;
			sourceTree = "<group>";
		};
		B619FD951C302BB4000A2A2A /* BaseIOSComponent */ = {
			isa = PBXGroup;
			children = (
				B67DA37E1C3417C6009BC0B3 /* mainFrameViewController */,
				B67DA37C1C3417C6009BC0B3 /* contactViewController */,
				B67DA37D1C3417C6009BC0B3 /* discoverViewcontroller */,
				B67DA37F1C3417C6009BC0B3 /* meViewcontroller */,
				B619FDC51C302C5D000A2A2A /* component */,
				B619FDC61C302C5D000A2A2A /* public */,
				B619FD961C302BB4000A2A2A /* AppDelegate.swift */,
				B67DA38C1C341A7A009BC0B3 /* TabbarVC.swift */,
				B619FD9A1C302BB4000A2A2A /* Main.storyboard */,
				B619FD9D1C302BB4000A2A2A /* Assets.xcassets */,
				B619FD9F1C302BB4000A2A2A /* LaunchScreen.storyboard */,
				B619FDA21C302BB4000A2A2A /* Info.plist */,
			);
			path = BaseIOSComponent;
			sourceTree = "<group>";
		};
		B619FDAA1C302BB4000A2A2A /* BaseIOSComponentTests */ = {
			isa = PBXGroup;
			children = (
				B619FDAB1C302BB4000A2A2A /* BaseIOSComponentTests.swift */,
				B619FDAD1C302BB4000A2A2A /* Info.plist */,
			);
			path = BaseIOSComponentTests;
			sourceTree = "<group>";
		};
		B619FDB51C302BB4000A2A2A /* BaseIOSComponentUITests */ = {
			isa = PBXGroup;
			children = (
				B619FDB61C302BB4000A2A2A /* BaseIOSComponentUITests.swift */,
				B619FDB81C302BB4000A2A2A /* Info.plist */,
			);
			path = BaseIOSComponentUITests;
			sourceTree = "<group>";
		};
		B619FDC51C302C5D000A2A2A /* component */ = {
			isa = PBXGroup;
			children = (
				B619FDD11C302DB8000A2A2A /* SwiftHTTP */,
				B619FDCA1C302CCB000A2A2A /* webSocket */,
			);
			path = component;
			sourceTree = "<group>";
		};
		B619FDC61C302C5D000A2A2A /* public */ = {
			isa = PBXGroup;
			children = (
				B67DA3771C340D23009BC0B3 /* BaseViewController */,
				B67DA3761C340D23009BC0B3 /* BaseView */,
				B619FDDF1C3036C0000A2A2A /* Extension */,
				B619FDDC1C302EC7000A2A2A /* Util */,
			);
			path = public;
			sourceTree = "<group>";
		};
		B619FDCA1C302CCB000A2A2A /* webSocket */ = {
			isa = PBXGroup;
			children = (
				B6299BDF1C391FC700A19A2F /* SocketAckEmitter.swift */,
				B6299BE01C391FC700A19A2F /* SocketAckManager.swift */,
				B6299BE11C391FC700A19A2F /* SocketAnyEvent.swift */,
				B6299BE21C391FC700A19A2F /* SocketEngine.swift */,
				B6299BE31C391FC700A19A2F /* SocketEngineClient.swift */,
				B6299BE41C391FC700A19A2F /* SocketEnginePacketType.swift */,
				B6299BE51C391FC700A19A2F /* SocketEngineSpec.swift */,
				B6299BE61C391FC700A19A2F /* SocketEventHandler.swift */,
				B6299BE71C391FC700A19A2F /* SocketFixUTF8.swift */,
				B6299BE81C391FC700A19A2F /* SocketIOClient.swift */,
				B6299BE91C391FC700A19A2F /* SocketIOClientOption.swift */,
				B6299BEA1C391FC700A19A2F /* SocketIOClientStatus.swift */,
				B6299BEB1C391FC700A19A2F /* SocketLogger.swift */,
				B6299BEC1C391FC700A19A2F /* SocketPacket.swift */,
				B6299BED1C391FC700A19A2F /* SocketParser.swift */,
				B6299BEE1C391FC700A19A2F /* SocketStringReader.swift */,
				B6299BEF1C391FC700A19A2F /* SocketTypes.swift */,
				B6299BF01C391FC700A19A2F /* SwiftRegex.swift */,
				B6299BF11C391FC700A19A2F /* WebSocket.swift */,
			);
			path = webSocket;
			sourceTree = "<group>";
		};
		B619FDD11C302DB8000A2A2A /* SwiftHTTP */ = {
			isa = PBXGroup;
			children = (
				B619FDD21C302DB8000A2A2A /* HTTPSecurity.swift */,
				B619FDD31C302DB8000A2A2A /* Operation.swift */,
				B619FDD41C302DB8000A2A2A /* Request.swift */,
				B619FDD51C302DB8000A2A2A /* StatusCode.swift */,
				B619FDD61C302DB8000A2A2A /* Upload.swift */,
			);
			path = SwiftHTTP;
			sourceTree = "<group>";
		};
		B619FDDC1C302EC7000A2A2A /* Util */ = {
			isa = PBXGroup;
			children = (
				B619FDDD1C302EEA000A2A2A /* CommonUtil.swift */,
			);
			path = Util;
			sourceTree = "<group>";
		};
		B619FDDF1C3036C0000A2A2A /* Extension */ = {
			isa = PBXGroup;
			children = (
				B619FDE01C3036C0000A2A2A /* NSDataEXTension */,
			);
			path = Extension;
			sourceTree = "<group>";
		};
		B619FDE01C3036C0000A2A2A /* NSDataEXTension */ = {
			isa = PBXGroup;
			children = (
				B619FDE51C3037CC000A2A2A /* zlib */,
				B619FDE11C3036C0000A2A2A /* NSData+GZIP.swift */,
			);
			path = NSDataEXTension;
			sourceTree = "<group>";
		};
		B67DA3761C340D23009BC0B3 /* BaseView */ = {
			isa = PBXGroup;
			children = (
			);
			path = BaseView;
			sourceTree = "<group>";
		};
		B67DA3771C340D23009BC0B3 /* BaseViewController */ = {
			isa = PBXGroup;
			children = (
				B67DA3781C340D39009BC0B3 /* BaseNavigationController.swift */,
				B67DA3801C34180B009BC0B3 /* BaseTabbarViewController.swift */,
				B67DA38A1C3418A6009BC0B3 /* BaseViewController.swift */,
			);
			path = BaseViewController;
			sourceTree = "<group>";
		};
		B67DA37C1C3417C6009BC0B3 /* contactViewController */ = {
			isa = PBXGroup;
			children = (
				B67DA3841C34185E009BC0B3 /* ContactVC.swift */,
			);
			path = contactViewController;
			sourceTree = "<group>";
		};
		B67DA37D1C3417C6009BC0B3 /* discoverViewcontroller */ = {
			isa = PBXGroup;
			children = (
				B67DA3861C341877009BC0B3 /* DiscoverVC.swift */,
			);
			path = discoverViewcontroller;
			sourceTree = "<group>";
		};
		B67DA37E1C3417C6009BC0B3 /* mainFrameViewController */ = {
			isa = PBXGroup;
			children = (
				B67DA3821C341850009BC0B3 /* MainFrameVC.swift */,
				B6F4B4AE1C3C2CAF005C88C4 /* ChatTableView.swift */,
			);
			path = mainFrameViewController;
			sourceTree = "<group>";
		};
		B67DA37F1C3417C6009BC0B3 /* meViewcontroller */ = {
			isa = PBXGroup;
			children = (
				B67DA3881C341884009BC0B3 /* MeVC.swift */,
			);
			path = meViewcontroller;
			sourceTree = "<group>";
		};
/* End PBXGroup section */

/* Begin PBXNativeTarget section */
		B619FD921C302BB4000A2A2A /* BaseIOSComponent */ = {
			isa = PBXNativeTarget;
			buildConfigurationList = B619FDBB1C302BB4000A2A2A /* Build configuration list for PBXNativeTarget "BaseIOSComponent" */;
			buildPhases = (
				B619FD8F1C302BB4000A2A2A /* Sources */,
				B619FD901C302BB4000A2A2A /* Frameworks */,
				B619FD911C302BB4000A2A2A /* Resources */,
			);
			buildRules = (
			);
			dependencies = (
			);
			name = BaseIOSComponent;
			productName = BaseIOSComponent;
			productReference = B619FD931C302BB4000A2A2A /* 微信.app */;
			productType = "com.apple.product-type.application";
		};
		B619FDA61C302BB4000A2A2A /* BaseIOSComponentTests */ = {
			isa = PBXNativeTarget;
			buildConfigurationList = B619FDBE1C302BB4000A2A2A /* Build configuration list for PBXNativeTarget "BaseIOSComponentTests" */;
			buildPhases = (
				B619FDA31C302BB4000A2A2A /* Sources */,
				B619FDA41C302BB4000A2A2A /* Frameworks */,
				B619FDA51C302BB4000A2A2A /* Resources */,
			);
			buildRules = (
			);
			dependencies = (
				B619FDA91C302BB4000A2A2A /* PBXTargetDependency */,
			);
			name = BaseIOSComponentTests;
			productName = BaseIOSComponentTests;
			productReference = B619FDA71C302BB4000A2A2A /* BaseIOSComponentTests.xctest */;
			productType = "com.apple.product-type.bundle.unit-test";
		};
		B619FDB11C302BB4000A2A2A /* BaseIOSComponentUITests */ = {
			isa = PBXNativeTarget;
			buildConfigurationList = B619FDC11C302BB4000A2A2A /* Build configuration list for PBXNativeTarget "BaseIOSComponentUITests" */;
			buildPhases = (
				B619FDAE1C302BB4000A2A2A /* Sources */,
				B619FDAF1C302BB4000A2A2A /* Frameworks */,
				B619FDB01C302BB4000A2A2A /* Resources */,
			);
			buildRules = (
			);
			dependencies = (
				B619FDB41C302BB4000A2A2A /* PBXTargetDependency */,
			);
			name = BaseIOSComponentUITests;
			productName = BaseIOSComponentUITests;
			productReference = B619FDB21C302BB4000A2A2A /* BaseIOSComponentUITests.xctest */;
			productType = "com.apple.product-type.bundle.ui-testing";
		};
/* End PBXNativeTarget section */

/* Begin PBXProject section */
		B619FD8B1C302BB4000A2A2A /* Project object */ = {
			isa = PBXProject;
			attributes = {
				LastSwiftUpdateCheck = 0710;
				LastUpgradeCheck = 0710;
				ORGANIZATIONNAME = liyang;
				TargetAttributes = {
					B619FD921C302BB4000A2A2A = {
						CreatedOnToolsVersion = 7.1;
						DevelopmentTeam = Y67F42V7QS;
					};
					B619FDA61C302BB4000A2A2A = {
						CreatedOnToolsVersion = 7.1;
						TestTargetID = B619FD921C302BB4000A2A2A;
					};
					B619FDB11C302BB4000A2A2A = {
						CreatedOnToolsVersion = 7.1;
						TestTargetID = B619FD921C302BB4000A2A2A;
					};
				};
			};
			buildConfigurationList = B619FD8E1C302BB4000A2A2A /* Build configuration list for PBXProject "BaseIOSComponent" */;
			compatibilityVersion = "Xcode 3.2";
			developmentRegion = English;
			hasScannedForEncodings = 0;
			knownRegions = (
				en,
				Base,
			);
			mainGroup = B619FD8A1C302BB4000A2A2A;
			productRefGroup = B619FD941C302BB4000A2A2A /* Products */;
			projectDirPath = "";
			projectRoot = "";
			targets = (
				B619FD921C302BB4000A2A2A /* BaseIOSComponent */,
				B619FDA61C302BB4000A2A2A /* BaseIOSComponentTests */,
				B619FDB11C302BB4000A2A2A /* BaseIOSComponentUITests */,
			);
		};
/* End PBXProject section */

/* Begin PBXResourcesBuildPhase section */
		B619FD911C302BB4000A2A2A /* Resources */ = {
			isa = PBXResourcesBuildPhase;
			buildActionMask = 2147483647;
			files = (
				B67DA37B1C340F4F009BC0B3 /* weChat.xcassets in Resources */,
				B619FDA11C302BB4000A2A2A /* LaunchScreen.storyboard in Resources */,
				B619FDE61C3037CC000A2A2A /* zlib in Resources */,
				B619FD9E1C302BB4000A2A2A /* Assets.xcassets in Resources */,
				B619FD9C1C302BB4000A2A2A /* Main.storyboard in Resources */,
			);
			runOnlyForDeploymentPostprocessing = 0;
		};
		B619FDA51C302BB4000A2A2A /* Resources */ = {
			isa = PBXResourcesBuildPhase;
			buildActionMask = 2147483647;
			files = (
			);
			runOnlyForDeploymentPostprocessing = 0;
		};
		B619FDB01C302BB4000A2A2A /* Resources */ = {
			isa = PBXResourcesBuildPhase;
			buildActionMask = 2147483647;
			files = (
			);
			runOnlyForDeploymentPostprocessing = 0;
		};
/* End PBXResourcesBuildPhase section */

/* Begin PBXSourcesBuildPhase section */
		B619FD8F1C302BB4000A2A2A /* Sources */ = {
			isa = PBXSourcesBuildPhase;
			buildActionMask = 2147483647;
			files = (
				B6299BF71C391FC700A19A2F /* SocketEnginePacketType.swift in Sources */,
				B6299BFA1C391FC700A19A2F /* SocketFixUTF8.swift in Sources */,
				B619FDD91C302DB8000A2A2A /* Request.swift in Sources */,
				B67DA3871C341877009BC0B3 /* DiscoverVC.swift in Sources */,
				B619FDDA1C302DB8000A2A2A /* StatusCode.swift in Sources */,
				B6299BF21C391FC700A19A2F /* SocketAckEmitter.swift in Sources */,
				B6299C011C391FC700A19A2F /* SocketStringReader.swift in Sources */,
				B619FDD81C302DB8000A2A2A /* Operation.swift in Sources */,
				B619FDD71C302DB8000A2A2A /* HTTPSecurity.swift in Sources */,
				B67DA38B1C3418A6009BC0B3 /* BaseViewController.swift in Sources */,
				B6299BFD1C391FC700A19A2F /* SocketIOClientStatus.swift in Sources */,
				B6299BFF1C391FC700A19A2F /* SocketPacket.swift in Sources */,
				B6299BF61C391FC700A19A2F /* SocketEngineClient.swift in Sources */,
				B6299C021C391FC700A19A2F /* SocketTypes.swift in Sources */,
				B6299BF41C391FC700A19A2F /* SocketAnyEvent.swift in Sources */,
				B67DA3891C341884009BC0B3 /* MeVC.swift in Sources */,
				B67DA38D1C341A7A009BC0B3 /* TabbarVC.swift in Sources */,
				B6299C001C391FC700A19A2F /* SocketParser.swift in Sources */,
				B6299BF91C391FC700A19A2F /* SocketEventHandler.swift in Sources */,
				B619FDDE1C302EEA000A2A2A /* CommonUtil.swift in Sources */,
				B619FDDB1C302DB8000A2A2A /* Upload.swift in Sources */,
				B6299BFE1C391FC700A19A2F /* SocketLogger.swift in Sources */,
				B67DA3831C341850009BC0B3 /* MainFrameVC.swift in Sources */,
				B6299BF31C391FC700A19A2F /* SocketAckManager.swift in Sources */,
				B67DA3791C340D39009BC0B3 /* BaseNavigationController.swift in Sources */,
				B67DA3851C34185E009BC0B3 /* ContactVC.swift in Sources */,
				B6299BF51C391FC700A19A2F /* SocketEngine.swift in Sources */,
				B67DA3811C34180B009BC0B3 /* BaseTabbarViewController.swift in Sources */,
				B619FDE21C3036C0000A2A2A /* NSData+GZIP.swift in Sources */,
				B6299BFB1C391FC700A19A2F /* SocketIOClient.swift in Sources */,
				B6299BFC1C391FC700A19A2F /* SocketIOClientOption.swift in Sources */,
				B6299C031C391FC700A19A2F /* SwiftRegex.swift in Sources */,
				B619FD971C302BB4000A2A2A /* AppDelegate.swift in Sources */,
				B6F4B4AF1C3C2CAF005C88C4 /* ChatTableView.swift in Sources */,
				B6299BF81C391FC700A19A2F /* SocketEngineSpec.swift in Sources */,
				B6299C041C391FC700A19A2F /* WebSocket.swift in Sources */,
			);
			runOnlyForDeploymentPostprocessing = 0;
		};
		B619FDA31C302BB4000A2A2A /* Sources */ = {
			isa = PBXSourcesBuildPhase;
			buildActionMask = 2147483647;
			files = (
				B619FDAC1C302BB4000A2A2A /* BaseIOSComponentTests.swift in Sources */,
			);
			runOnlyForDeploymentPostprocessing = 0;
		};
		B619FDAE1C302BB4000A2A2A /* Sources */ = {
			isa = PBXSourcesBuildPhase;
			buildActionMask = 2147483647;
			files = (
				B619FDB71C302BB4000A2A2A /* BaseIOSComponentUITests.swift in Sources */,
			);
			runOnlyForDeploymentPostprocessing = 0;
		};
/* End PBXSourcesBuildPhase section */

/* Begin PBXTargetDependency section */
		B619FDA91C302BB4000A2A2A /* PBXTargetDependency */ = {
			isa = PBXTargetDependency;
			target = B619FD921C302BB4000A2A2A /* BaseIOSComponent */;
			targetProxy = B619FDA81C302BB4000A2A2A /* PBXContainerItemProxy */;
		};
		B619FDB41C302BB4000A2A2A /* PBXTargetDependency */ = {
			isa = PBXTargetDependency;
			target = B619FD921C302BB4000A2A2A /* BaseIOSComponent */;
			targetProxy = B619FDB31C302BB4000A2A2A /* PBXContainerItemProxy */;
		};
/* End PBXTargetDependency section */

/* Begin PBXVariantGroup section */
		B619FD9A1C302BB4000A2A2A /* Main.storyboard */ = {
			isa = PBXVariantGroup;
			children = (
				B619FD9B1C302BB4000A2A2A /* Base */,
			);
			name = Main.storyboard;
			sourceTree = "<group>";
		};
		B619FD9F1C302BB4000A2A2A /* LaunchScreen.storyboard */ = {
			isa = PBXVariantGroup;
			children = (
				B619FDA01C302BB4000A2A2A /* Base */,
			);
			name = LaunchScreen.storyboard;
			sourceTree = "<group>";
		};
/* End PBXVariantGroup section */

/* Begin XCBuildConfiguration section */
		B619FDB91C302BB4000A2A2A /* Debug */ = {
			isa = XCBuildConfiguration;
			buildSettings = {
				ALWAYS_SEARCH_USER_PATHS = NO;
				CLANG_CXX_LANGUAGE_STANDARD = "gnu++0x";
				CLANG_CXX_LIBRARY = "libc++";
				CLANG_ENABLE_MODULES = YES;
				CLANG_ENABLE_OBJC_ARC = YES;
				CLANG_WARN_BOOL_CONVERSION = YES;
				CLANG_WARN_CONSTANT_CONVERSION = YES;
				CLANG_WARN_DIRECT_OBJC_ISA_USAGE = YES_ERROR;
				CLANG_WARN_EMPTY_BODY = YES;
				CLANG_WARN_ENUM_CONVERSION = YES;
				CLANG_WARN_INT_CONVERSION = YES;
				CLANG_WARN_OBJC_ROOT_CLASS = YES_ERROR;
				CLANG_WARN_UNREACHABLE_CODE = YES;
				CLANG_WARN__DUPLICATE_METHOD_MATCH = YES;
				"CODE_SIGN_IDENTITY[sdk=iphoneos*]" = "iPhone Developer";
				COPY_PHASE_STRIP = NO;
				DEBUG_INFORMATION_FORMAT = dwarf;
				ENABLE_STRICT_OBJC_MSGSEND = YES;
				ENABLE_TESTABILITY = YES;
				GCC_C_LANGUAGE_STANDARD = gnu99;
				GCC_DYNAMIC_NO_PIC = NO;
				GCC_NO_COMMON_BLOCKS = YES;
				GCC_OPTIMIZATION_LEVEL = 0;
				GCC_PREPROCESSOR_DEFINITIONS = (
					"DEBUG=1",
					"$(inherited)",
				);
				GCC_WARN_64_TO_32_BIT_CONVERSION = YES;
				GCC_WARN_ABOUT_RETURN_TYPE = YES_ERROR;
				GCC_WARN_UNDECLARED_SELECTOR = YES;
				GCC_WARN_UNINITIALIZED_AUTOS = YES_AGGRESSIVE;
				GCC_WARN_UNUSED_FUNCTION = YES;
				GCC_WARN_UNUSED_VARIABLE = YES;
				IPHONEOS_DEPLOYMENT_TARGET = 9.1;
				MTL_ENABLE_DEBUG_INFO = YES;
				ONLY_ACTIVE_ARCH = YES;
				SDKROOT = iphoneos;
				SWIFT_OPTIMIZATION_LEVEL = "-Onone";
				TARGETED_DEVICE_FAMILY = "1,2";
			};
			name = Debug;
		};
		B619FDBA1C302BB4000A2A2A /* Release */ = {
			isa = XCBuildConfiguration;
			buildSettings = {
				ALWAYS_SEARCH_USER_PATHS = NO;
				CLANG_CXX_LANGUAGE_STANDARD = "gnu++0x";
				CLANG_CXX_LIBRARY = "libc++";
				CLANG_ENABLE_MODULES = YES;
				CLANG_ENABLE_OBJC_ARC = YES;
				CLANG_WARN_BOOL_CONVERSION = YES;
				CLANG_WARN_CONSTANT_CONVERSION = YES;
				CLANG_WARN_DIRECT_OBJC_ISA_USAGE = YES_ERROR;
				CLANG_WARN_EMPTY_BODY = YES;
				CLANG_WARN_ENUM_CONVERSION = YES;
				CLANG_WARN_INT_CONVERSION = YES;
				CLANG_WARN_OBJC_ROOT_CLASS = YES_ERROR;
				CLANG_WARN_UNREACHABLE_CODE = YES;
				CLANG_WARN__DUPLICATE_METHOD_MATCH = YES;
				"CODE_SIGN_IDENTITY[sdk=iphoneos*]" = "iPhone Developer";
				COPY_PHASE_STRIP = NO;
				DEBUG_INFORMATION_FORMAT = "dwarf-with-dsym";
				ENABLE_NS_ASSERTIONS = NO;
				ENABLE_STRICT_OBJC_MSGSEND = YES;
				GCC_C_LANGUAGE_STANDARD = gnu99;
				GCC_NO_COMMON_BLOCKS = YES;
				GCC_WARN_64_TO_32_BIT_CONVERSION = YES;
				GCC_WARN_ABOUT_RETURN_TYPE = YES_ERROR;
				GCC_WARN_UNDECLARED_SELECTOR = YES;
				GCC_WARN_UNINITIALIZED_AUTOS = YES_AGGRESSIVE;
				GCC_WARN_UNUSED_FUNCTION = YES;
				GCC_WARN_UNUSED_VARIABLE = YES;
				IPHONEOS_DEPLOYMENT_TARGET = 9.1;
				MTL_ENABLE_DEBUG_INFO = NO;
				SDKROOT = iphoneos;
				TARGETED_DEVICE_FAMILY = "1,2";
				VALIDATE_PRODUCT = YES;
			};
			name = Release;
		};
		B619FDBC1C302BB4000A2A2A /* Debug */ = {
			isa = XCBuildConfiguration;
			buildSettings = {
				ASSETCATALOG_COMPILER_APPICON_NAME = AppIcon;
				CODE_SIGN_IDENTITY = "iPhone Developer: Zegang Peng (LA48M23GR9)";
				"CODE_SIGN_IDENTITY[sdk=iphoneos*]" = "iPhone Developer: Zegang Peng (LA48M23GR9)";
				INFOPLIST_FILE = BaseIOSComponent/Info.plist;
				IPHONEOS_DEPLOYMENT_TARGET = 8.0;
				LD_RUNPATH_SEARCH_PATHS = "$(inherited) @executable_path/Frameworks";
				PRODUCT_BUNDLE_IDENTIFIER = com.boqiao919.BaseIOSComponent;
				PRODUCT_NAME = "微信";
				PROVISIONING_PROFILE = "fd9d9a5a-e931-43d1-b1dd-4299d4ec5317";
				SWIFT_INCLUDE_PATHS = BaseIOSComponent/public/Extension/NSDataEXTension/zlib;
			};
			name = Debug;
		};
		B619FDBD1C302BB4000A2A2A /* Release */ = {
			isa = XCBuildConfiguration;
			buildSettings = {
				ASSETCATALOG_COMPILER_APPICON_NAME = AppIcon;
				CODE_SIGN_IDENTITY = "iPhone Developer: Zegang Peng (LA48M23GR9)";
				"CODE_SIGN_IDENTITY[sdk=iphoneos*]" = "iPhone Developer: Zegang Peng (LA48M23GR9)";
				INFOPLIST_FILE = BaseIOSComponent/Info.plist;
				IPHONEOS_DEPLOYMENT_TARGET = 8.0;
				LD_RUNPATH_SEARCH_PATHS = "$(inherited) @executable_path/Frameworks";
				PRODUCT_BUNDLE_IDENTIFIER = com.boqiao919.BaseIOSComponent;
				PRODUCT_NAME = "微信";
				PROVISIONING_PROFILE = "fd9d9a5a-e931-43d1-b1dd-4299d4ec5317";
				SWIFT_INCLUDE_PATHS = BaseIOSComponent/public/Extension/NSDataEXTension/zlib;
			};
			name = Release;
		};
		B619FDBF1C302BB4000A2A2A /* Debug */ = {
			isa = XCBuildConfiguration;
			buildSettings = {
				BUNDLE_LOADER = "$(TEST_HOST)";
				INFOPLIST_FILE = BaseIOSComponentTests/Info.plist;
				LD_RUNPATH_SEARCH_PATHS = "$(inherited) @executable_path/Frameworks @loader_path/Frameworks";
				PRODUCT_BUNDLE_IDENTIFIER = com.boqiao919.BaseIOSComponentTests;
				PRODUCT_NAME = "$(TARGET_NAME)";
				TEST_HOST = "$(BUILT_PRODUCTS_DIR)/BaseIOSComponent.app/BaseIOSComponent";
			};
			name = Debug;
		};
		B619FDC01C302BB4000A2A2A /* Release */ = {
			isa = XCBuildConfiguration;
			buildSettings = {
				BUNDLE_LOADER = "$(TEST_HOST)";
				INFOPLIST_FILE = BaseIOSComponentTests/Info.plist;
				LD_RUNPATH_SEARCH_PATHS = "$(inherited) @executable_path/Frameworks @loader_path/Frameworks";
				PRODUCT_BUNDLE_IDENTIFIER = com.boqiao919.BaseIOSComponentTests;
				PRODUCT_NAME = "$(TARGET_NAME)";
				TEST_HOST = "$(BUILT_PRODUCTS_DIR)/BaseIOSComponent.app/BaseIOSComponent";
			};
			name = Release;
		};
		B619FDC21C302BB4000A2A2A /* Debug */ = {
			isa = XCBuildConfiguration;
			buildSettings = {
				INFOPLIST_FILE = BaseIOSComponentUITests/Info.plist;
				LD_RUNPATH_SEARCH_PATHS = "$(inherited) @executable_path/Frameworks @loader_path/Frameworks";
				PRODUCT_BUNDLE_IDENTIFIER = com.boqiao919.BaseIOSComponentUITests;
				PRODUCT_NAME = "$(TARGET_NAME)";
				TEST_TARGET_NAME = BaseIOSComponent;
				USES_XCTRUNNER = YES;
			};
			name = Debug;
		};
		B619FDC31C302BB4000A2A2A /* Release */ = {
			isa = XCBuildConfiguration;
			buildSettings = {
				INFOPLIST_FILE = BaseIOSComponentUITests/Info.plist;
				LD_RUNPATH_SEARCH_PATHS = "$(inherited) @executable_path/Frameworks @loader_path/Frameworks";
				PRODUCT_BUNDLE_IDENTIFIER = com.boqiao919.BaseIOSComponentUITests;
				PRODUCT_NAME = "$(TARGET_NAME)";
				TEST_TARGET_NAME = BaseIOSComponent;
				USES_XCTRUNNER = YES;
			};
			name = Release;
		};
/* End XCBuildConfiguration section */

/* Begin XCConfigurationList section */
		B619FD8E1C302BB4000A2A2A /* Build configuration list for PBXProject "BaseIOSComponent" */ = {
			isa = XCConfigurationList;
			buildConfigurations = (
				B619FDB91C302BB4000A2A2A /* Debug */,
				B619FDBA1C302BB4000A2A2A /* Release */,
			);
			defaultConfigurationIsVisible = 0;
			defaultConfigurationName = Release;
		};
		B619FDBB1C302BB4000A2A2A /* Build configuration list for PBXNativeTarget "BaseIOSComponent" */ = {
			isa = XCConfigurationList;
			buildConfigurations = (
				B619FDBC1C302BB4000A2A2A /* Debug */,
				B619FDBD1C302BB4000A2A2A /* Release */,
			);
			defaultConfigurationIsVisible = 0;
			defaultConfigurationName = Release;
		};
		B619FDBE1C302BB4000A2A2A /* Build configuration list for PBXNativeTarget "BaseIOSComponentTests" */ = {
			isa = XCConfigurationList;
			buildConfigurations = (
				B619FDBF1C302BB4000A2A2A /* Debug */,
				B619FDC01C302BB4000A2A2A /* Release */,
			);
			defaultConfigurationIsVisible = 0;
			defaultConfigurationName = Release;
		};
		B619FDC11C302BB4000A2A2A /* Build configuration list for PBXNativeTarget "BaseIOSComponentUITests" */ = {
			isa = XCConfigurationList;
			buildConfigurations = (
				B619FDC21C302BB4000A2A2A /* Debug */,
				B619FDC31C302BB4000A2A2A /* Release */,
			);
			defaultConfigurationIsVisible = 0;
			defaultConfigurationName = Release;
		};
/* End XCConfigurationList section */
	};
	rootObject = B619FD8B1C302BB4000A2A2A /* Project object */;
}
